// !$*UTF8*$!
{
	archiveVersion = 1;
	classes = {
	};
	objectVersion = 46;
	objects = {

/* Begin PBXBuildFile section */
		9C7F014218E27EAC00980B45 /* Foundation.framework in Frameworks */ = {isa = PBXBuildFile; fileRef = 9C7F014118E27EAC00980B45 /* Foundation.framework */; };
		9C7F014418E27EAC00980B45 /* CoreGraphics.framework in Frameworks */ = {isa = PBXBuildFile; fileRef = 9C7F014318E27EAC00980B45 /* CoreGraphics.framework */; };
		9C7F014618E27EAC00980B45 /* UIKit.framework in Frameworks */ = {isa = PBXBuildFile; fileRef = 9C7F014518E27EAC00980B45 /* UIKit.framework */; };
		9C7F014C18E27EAC00980B45 /* InfoPlist.strings in Resources */ = {isa = PBXBuildFile; fileRef = 9C7F014A18E27EAC00980B45 /* InfoPlist.strings */; };
		9C7F014E18E27EAC00980B45 /* main.m in Sources */ = {isa = PBXBuildFile; fileRef = 9C7F014D18E27EAC00980B45 /* main.m */; };
		9C7F015218E27EAC00980B45 /* GHAppDelegate.m in Sources */ = {isa = PBXBuildFile; fileRef = 9C7F015118E27EAC00980B45 /* GHAppDelegate.m */; };
		9C7F015518E27EAC00980B45 /* Main.storyboard in Resources */ = {isa = PBXBuildFile; fileRef = 9C7F015318E27EAC00980B45 /* Main.storyboard */; };
		9C7F015818E27EAC00980B45 /* GHMasterViewController.m in Sources */ = {isa = PBXBuildFile; fileRef = 9C7F015718E27EAC00980B45 /* GHMasterViewController.m */; };
		9C7F015B18E27EAC00980B45 /* GHDetailViewController.m in Sources */ = {isa = PBXBuildFile; fileRef = 9C7F015A18E27EAC00980B45 /* GHDetailViewController.m */; };
		9C7F015D18E27EAC00980B45 /* Images.xcassets in Resources */ = {isa = PBXBuildFile; fileRef = 9C7F015C18E27EAC00980B45 /* Images.xcassets */; };
		9C7F016418E27EAC00980B45 /* XCTest.framework in Frameworks */ = {isa = PBXBuildFile; fileRef = 9C7F016318E27EAC00980B45 /* XCTest.framework */; };
		9C7F016518E27EAC00980B45 /* Foundation.framework in Frameworks */ = {isa = PBXBuildFile; fileRef = 9C7F014118E27EAC00980B45 /* Foundation.framework */; };
		9C7F016618E27EAC00980B45 /* UIKit.framework in Frameworks */ = {isa = PBXBuildFile; fileRef = 9C7F014518E27EAC00980B45 /* UIKit.framework */; };
		9C7F016E18E27EAC00980B45 /* InfoPlist.strings in Resources */ = {isa = PBXBuildFile; fileRef = 9C7F016C18E27EAC00980B45 /* InfoPlist.strings */; };
		9C7F017018E27EAC00980B45 /* GHVectorTests.m in Sources */ = {isa = PBXBuildFile; fileRef = 9C7F016F18E27EAC00980B45 /* GHVectorTests.m */; };
		9C7F017B18E27EDB00980B45 /* GHVector2D.m in Sources */ = {isa = PBXBuildFile; fileRef = 9C7F017A18E27EDB00980B45 /* GHVector2D.m */; };
		9C7F017C18E27EDB00980B45 /* GHVector2D.m in Sources */ = {isa = PBXBuildFile; fileRef = 9C7F017A18E27EDB00980B45 /* GHVector2D.m */; };
/* End PBXBuildFile section */

/* Begin PBXContainerItemProxy section */
		9C7F016718E27EAC00980B45 /* PBXContainerItemProxy */ = {
			isa = PBXContainerItemProxy;
			containerPortal = 9C7F013618E27EAC00980B45 /* Project object */;
			proxyType = 1;
			remoteGlobalIDString = 9C7F013D18E27EAC00980B45;
			remoteInfo = GHVector;
		};
/* End PBXContainerItemProxy section */

/* Begin PBXFileReference section */
		9C7F013E18E27EAC00980B45 /* GHVector.app */ = {isa = PBXFileReference; explicitFileType = wrapper.application; includeInIndex = 0; path = GHVector.app; sourceTree = BUILT_PRODUCTS_DIR; };
		9C7F014118E27EAC00980B45 /* Foundation.framework */ = {isa = PBXFileReference; lastKnownFileType = wrapper.framework; name = Foundation.framework; path = System/Library/Frameworks/Foundation.framework; sourceTree = SDKROOT; };
		9C7F014318E27EAC00980B45 /* CoreGraphics.framework */ = {isa = PBXFileReference; lastKnownFileType = wrapper.framework; name = CoreGraphics.framework; path = System/Library/Frameworks/CoreGraphics.framework; sourceTree = SDKROOT; };
		9C7F014518E27EAC00980B45 /* UIKit.framework */ = {isa = PBXFileReference; lastKnownFileType = wrapper.framework; name = UIKit.framework; path = System/Library/Frameworks/UIKit.framework; sourceTree = SDKROOT; };
		9C7F014918E27EAC00980B45 /* GHVector-Info.plist */ = {isa = PBXFileReference; lastKnownFileType = text.plist.xml; path = "GHVector-Info.plist"; sourceTree = "<group>"; };
		9C7F014B18E27EAC00980B45 /* en */ = {isa = PBXFileReference; lastKnownFileType = text.plist.strings; name = en; path = en.lproj/InfoPlist.strings; sourceTree = "<group>"; };
		9C7F014D18E27EAC00980B45 /* main.m */ = {isa = PBXFileReference; lastKnownFileType = sourcecode.c.objc; path = main.m; sourceTree = "<group>"; };
		9C7F014F18E27EAC00980B45 /* GHVector-Prefix.pch */ = {isa = PBXFileReference; lastKnownFileType = sourcecode.c.h; path = "GHVector-Prefix.pch"; sourceTree = "<group>"; };
		9C7F015018E27EAC00980B45 /* GHAppDelegate.h */ = {isa = PBXFileReference; lastKnownFileType = sourcecode.c.h; path = GHAppDelegate.h; sourceTree = "<group>"; };
		9C7F015118E27EAC00980B45 /* GHAppDelegate.m */ = {isa = PBXFileReference; lastKnownFileType = sourcecode.c.objc; path = GHAppDelegate.m; sourceTree = "<group>"; };
		9C7F015418E27EAC00980B45 /* Base */ = {isa = PBXFileReference; lastKnownFileType = file.storyboard; name = Base; path = Base.lproj/Main.storyboard; sourceTree = "<group>"; };
		9C7F015618E27EAC00980B45 /* GHMasterViewController.h */ = {isa = PBXFileReference; lastKnownFileType = sourcecode.c.h; path = GHMasterViewController.h; sourceTree = "<group>"; };
		9C7F015718E27EAC00980B45 /* GHMasterViewController.m */ = {isa = PBXFileReference; lastKnownFileType = sourcecode.c.objc; path = GHMasterViewController.m; sourceTree = "<group>"; };
		9C7F015918E27EAC00980B45 /* GHDetailViewController.h */ = {isa = PBXFileReference; lastKnownFileType = sourcecode.c.h; path = GHDetailViewController.h; sourceTree = "<group>"; };
		9C7F015A18E27EAC00980B45 /* GHDetailViewController.m */ = {isa = PBXFileReference; lastKnownFileType = sourcecode.c.objc; path = GHDetailViewController.m; sourceTree = "<group>"; };
		9C7F015C18E27EAC00980B45 /* Images.xcassets */ = {isa = PBXFileReference; lastKnownFileType = folder.assetcatalog; path = Images.xcassets; sourceTree = "<group>"; };
		9C7F016218E27EAC00980B45 /* GHVectorTests.xctest */ = {isa = PBXFileReference; explicitFileType = wrapper.cfbundle; includeInIndex = 0; path = GHVectorTests.xctest; sourceTree = BUILT_PRODUCTS_DIR; };
		9C7F016318E27EAC00980B45 /* XCTest.framework */ = {isa = PBXFileReference; lastKnownFileType = wrapper.framework; name = XCTest.framework; path = Library/Frameworks/XCTest.framework; sourceTree = DEVELOPER_DIR; };
		9C7F016B18E27EAC00980B45 /* GHVectorTests-Info.plist */ = {isa = PBXFileReference; lastKnownFileType = text.plist.xml; path = "GHVectorTests-Info.plist"; sourceTree = "<group>"; };
		9C7F016D18E27EAC00980B45 /* en */ = {isa = PBXFileReference; lastKnownFileType = text.plist.strings; name = en; path = en.lproj/InfoPlist.strings; sourceTree = "<group>"; };
		9C7F016F18E27EAC00980B45 /* GHVectorTests.m */ = {isa = PBXFileReference; lastKnownFileType = sourcecode.c.objc; path = GHVectorTests.m; sourceTree = "<group>"; };
		9C7F017918E27EDB00980B45 /* GHVector2D.h */ = {isa = PBXFileReference; fileEncoding = 4; lastKnownFileType = sourcecode.c.h; path = GHVector2D.h; sourceTree = "<group>"; };
		9C7F017A18E27EDB00980B45 /* GHVector2D.m */ = {isa = PBXFileReference; fileEncoding = 4; lastKnownFileType = sourcecode.c.objc; path = GHVector2D.m; sourceTree = "<group>"; };
/* End PBXFileReference section */

/* Begin PBXFrameworksBuildPhase section */
		9C7F013B18E27EAC00980B45 /* Frameworks */ = {
			isa = PBXFrameworksBuildPhase;
			buildActionMask = 2147483647;
			files = (
				9C7F014418E27EAC00980B45 /* CoreGraphics.framework in Frameworks */,
				9C7F014618E27EAC00980B45 /* UIKit.framework in Frameworks */,
				9C7F014218E27EAC00980B45 /* Foundation.framework in Frameworks */,
			);
			runOnlyForDeploymentPostprocessing = 0;
		};
		9C7F015F18E27EAC00980B45 /* Frameworks */ = {
			isa = PBXFrameworksBuildPhase;
			buildActionMask = 2147483647;
			files = (
				9C7F016418E27EAC00980B45 /* XCTest.framework in Frameworks */,
				9C7F016618E27EAC00980B45 /* UIKit.framework in Frameworks */,
				9C7F016518E27EAC00980B45 /* Foundation.framework in Frameworks */,
			);
			runOnlyForDeploymentPostprocessing = 0;
		};
/* End PBXFrameworksBuildPhase section */

/* Begin PBXGroup section */
		9C7F013518E27EAC00980B45 = {
			isa = PBXGroup;
			children = (
				9C7F014718E27EAC00980B45 /* GHVector */,
				9C7F016918E27EAC00980B45 /* GHVectorTests */,
				9C7F014018E27EAC00980B45 /* Frameworks */,
				9C7F013F18E27EAC00980B45 /* Products */,
			);
			sourceTree = "<group>";
		};
		9C7F013F18E27EAC00980B45 /* Products */ = {
			isa = PBXGroup;
			children = (
				9C7F013E18E27EAC00980B45 /* GHVector.app */,
				9C7F016218E27EAC00980B45 /* GHVectorTests.xctest */,
			);
			name = Products;
			sourceTree = "<group>";
		};
		9C7F014018E27EAC00980B45 /* Frameworks */ = {
			isa = PBXGroup;
			children = (
				9C7F014118E27EAC00980B45 /* Foundation.framework */,
				9C7F014318E27EAC00980B45 /* CoreGraphics.framework */,
				9C7F014518E27EAC00980B45 /* UIKit.framework */,
				9C7F016318E27EAC00980B45 /* XCTest.framework */,
			);
			name = Frameworks;
			sourceTree = "<group>";
		};
		9C7F014718E27EAC00980B45 /* GHVector */ = {
			isa = PBXGroup;
			children = (
				9C7F015018E27EAC00980B45 /* GHAppDelegate.h */,
				9C7F015118E27EAC00980B45 /* GHAppDelegate.m */,
				9C7F015318E27EAC00980B45 /* Main.storyboard */,
				9C7F015618E27EAC00980B45 /* GHMasterViewController.h */,
				9C7F015718E27EAC00980B45 /* GHMasterViewController.m */,
				9C7F015918E27EAC00980B45 /* GHDetailViewController.h */,
				9C7F015A18E27EAC00980B45 /* GHDetailViewController.m */,
				9C7F015C18E27EAC00980B45 /* Images.xcassets */,
				9C7F014818E27EAC00980B45 /* Supporting Files */,
				9C7F017918E27EDB00980B45 /* GHVector2D.h */,
				9C7F017A18E27EDB00980B45 /* GHVector2D.m */,
			);
			path = GHVector;
			sourceTree = "<group>";
		};
		9C7F014818E27EAC00980B45 /* Supporting Files */ = {
			isa = PBXGroup;
			children = (
				9C7F014918E27EAC00980B45 /* GHVector-Info.plist */,
				9C7F014A18E27EAC00980B45 /* InfoPlist.strings */,
				9C7F014D18E27EAC00980B45 /* main.m */,
				9C7F014F18E27EAC00980B45 /* GHVector-Prefix.pch */,
			);
			name = "Supporting Files";
			sourceTree = "<group>";
		};
		9C7F016918E27EAC00980B45 /* GHVectorTests */ = {
			isa = PBXGroup;
			children = (
				9C7F016F18E27EAC00980B45 /* GHVectorTests.m */,
				9C7F016A18E27EAC00980B45 /* Supporting Files */,
			);
			path = GHVectorTests;
			sourceTree = "<group>";
		};
		9C7F016A18E27EAC00980B45 /* Supporting Files */ = {
			isa = PBXGroup;
			children = (
				9C7F016B18E27EAC00980B45 /* GHVectorTests-Info.plist */,
				9C7F016C18E27EAC00980B45 /* InfoPlist.strings */,
			);
			name = "Supporting Files";
			sourceTree = "<group>";
		};
/* End PBXGroup section */

/* Begin PBXNativeTarget section */
		9C7F013D18E27EAC00980B45 /* GHVector */ = {
			isa = PBXNativeTarget;
			buildConfigurationList = 9C7F017318E27EAC00980B45 /* Build configuration list for PBXNativeTarget "GHVector" */;
			buildPhases = (
				9C7F013A18E27EAC00980B45 /* Sources */,
				9C7F013B18E27EAC00980B45 /* Frameworks */,
				9C7F013C18E27EAC00980B45 /* Resources */,
			);
			buildRules = (
			);
			dependencies = (
			);
			name = GHVector;
			productName = GHVector;
			productReference = 9C7F013E18E27EAC00980B45 /* GHVector.app */;
			productType = "com.apple.product-type.application";
		};
		9C7F016118E27EAC00980B45 /* GHVectorTests */ = {
			isa = PBXNativeTarget;
			buildConfigurationList = 9C7F017618E27EAC00980B45 /* Build configuration list for PBXNativeTarget "GHVectorTests" */;
			buildPhases = (
				9C7F015E18E27EAC00980B45 /* Sources */,
				9C7F015F18E27EAC00980B45 /* Frameworks */,
				9C7F016018E27EAC00980B45 /* Resources */,
			);
			buildRules = (
			);
			dependencies = (
				9C7F016818E27EAC00980B45 /* PBXTargetDependency */,
			);
			name = GHVectorTests;
			productName = GHVectorTests;
			productReference = 9C7F016218E27EAC00980B45 /* GHVectorTests.xctest */;
			productType = "com.apple.product-type.bundle.unit-test";
		};
/* End PBXNativeTarget section */

/* Begin PBXProject section */
		9C7F013618E27EAC00980B45 /* Project object */ = {
			isa = PBXProject;
			attributes = {
				CLASSPREFIX = GH;
				LastUpgradeCheck = 0500;
				ORGANIZATIONNAME = "My name is kuma";
				TargetAttributes = {
					9C7F016118E27EAC00980B45 = {
						TestTargetID = 9C7F013D18E27EAC00980B45;
					};
				};
			};
			buildConfigurationList = 9C7F013918E27EAC00980B45 /* Build configuration list for PBXProject "GHVector" */;
			compatibilityVersion = "Xcode 3.2";
			developmentRegion = English;
			hasScannedForEncodings = 0;
			knownRegions = (
				en,
				Base,
			);
			mainGroup = 9C7F013518E27EAC00980B45;
			productRefGroup = 9C7F013F18E27EAC00980B45 /* Products */;
			projectDirPath = "";
			projectRoot = "";
			targets = (
				9C7F013D18E27EAC00980B45 /* GHVector */,
				9C7F016118E27EAC00980B45 /* GHVectorTests */,
			);
		};
/* End PBXProject section */

/* Begin PBXResourcesBuildPhase section */
		9C7F013C18E27EAC00980B45 /* Resources */ = {
			isa = PBXResourcesBuildPhase;
			buildActionMask = 2147483647;
			files = (
				9C7F015D18E27EAC00980B45 /* Images.xcassets in Resources */,
				9C7F014C18E27EAC00980B45 /* InfoPlist.strings in Resources */,
				9C7F015518E27EAC00980B45 /* Main.storyboard in Resources */,
			);
			runOnlyForDeploymentPostprocessing = 0;
		};
		9C7F016018E27EAC00980B45 /* Resources */ = {
			isa = PBXResourcesBuildPhase;
			buildActionMask = 2147483647;
			files = (
				9C7F016E18E27EAC00980B45 /* InfoPlist.strings in Resources */,
			);
			runOnlyForDeploymentPostprocessing = 0;
		};
/* End PBXResourcesBuildPhase section */

/* Begin PBXSourcesBuildPhase section */
		9C7F013A18E27EAC00980B45 /* Sources */ = {
			isa = PBXSourcesBuildPhase;
			buildActionMask = 2147483647;
			files = (
				9C7F015B18E27EAC00980B45 /* GHDetailViewController.m in Sources */,
				9C7F014E18E27EAC00980B45 /* main.m in Sources */,
				9C7F015218E27EAC00980B45 /* GHAppDelegate.m in Sources */,
				9C7F015818E27EAC00980B45 /* GHMasterViewController.m in Sources */,
				9C7F017B18E27EDB00980B45 /* GHVector2D.m in Sources */,
			);
			runOnlyForDeploymentPostprocessing = 0;
		};
		9C7F015E18E27EAC00980B45 /* Sources */ = {
			isa = PBXSourcesBuildPhase;
			buildActionMask = 2147483647;
			files = (
				9C7F017018E27EAC00980B45 /* GHVectorTests.m in Sources */,
				9C7F017C18E27EDB00980B45 /* GHVector2D.m in Sources */,
			);
			runOnlyForDeploymentPostprocessing = 0;
		};
/* End PBXSourcesBuildPhase section */

/* Begin PBXTargetDependency section */
		9C7F016818E27EAC00980B45 /* PBXTargetDependency */ = {
			isa = PBXTargetDependency;
			target = 9C7F013D18E27EAC00980B45 /* GHVector */;
			targetProxy = 9C7F016718E27EAC00980B45 /* PBXContainerItemProxy */;
		};
/* End PBXTargetDependency section */

/* Begin PBXVariantGroup section */
		9C7F014A18E27EAC00980B45 /* InfoPlist.strings */ = {
			isa = PBXVariantGroup;
			children = (
				9C7F014B18E27EAC00980B45 /* en */,
			);
			name = InfoPlist.strings;
			sourceTree = "<group>";
		};
		9C7F015318E27EAC00980B45 /* Main.storyboard */ = {
			isa = PBXVariantGroup;
			children = (
				9C7F015418E27EAC00980B45 /* Base */,
			);
			name = Main.storyboard;
			sourceTree = "<group>";
		};
		9C7F016C18E27EAC00980B45 /* InfoPlist.strings */ = {
			isa = PBXVariantGroup;
			children = (
				9C7F016D18E27EAC00980B45 /* en */,
			);
			name = InfoPlist.strings;
			sourceTree = "<group>";
		};
/* End PBXVariantGroup section */

/* Begin XCBuildConfiguration section */
		9C7F017118E27EAC00980B45 /* Debug */ = {
			isa = XCBuildConfiguration;
			buildSettings = {
				ALWAYS_SEARCH_USER_PATHS = NO;
				ARCHS = "$(ARCHS_STANDARD_INCLUDING_64_BIT)";
				CLANG_CXX_LANGUAGE_STANDARD = "gnu++0x";
				CLANG_CXX_LIBRARY = "libc++";
				CLANG_ENABLE_MODULES = YES;
				CLANG_ENABLE_OBJC_ARC = YES;
				CLANG_WARN_BOOL_CONVERSION = YES;
				CLANG_WARN_CONSTANT_CONVERSION = YES;
				CLANG_WARN_DIRECT_OBJC_ISA_USAGE = YES_ERROR;
				CLANG_WARN_EMPTY_BODY = YES;
				CLANG_WARN_ENUM_CONVERSION = YES;
				CLANG_WARN_INT_CONVERSION = YES;
				CLANG_WARN_OBJC_ROOT_CLASS = YES_ERROR;
				CLANG_WARN__DUPLICATE_METHOD_MATCH = YES;
				"CODE_SIGN_IDENTITY[sdk=iphoneos*]" = "iPhone Developer";
				COPY_PHASE_STRIP = NO;
				GCC_C_LANGUAGE_STANDARD = gnu99;
				GCC_DYNAMIC_NO_PIC = NO;
				GCC_OPTIMIZATION_LEVEL = 0;
				GCC_PREPROCESSOR_DEFINITIONS = (
					"DEBUG=1",
					"$(inherited)",
				);
				GCC_SYMBOLS_PRIVATE_EXTERN = NO;
				GCC_WARN_64_TO_32_BIT_CONVERSION = YES;
				GCC_WARN_ABOUT_RETURN_TYPE = YES_ERROR;
				GCC_WARN_UNDECLARED_SELECTOR = YES;
				GCC_WARN_UNINITIALIZED_AUTOS = YES;
				GCC_WARN_UNUSED_FUNCTION = YES;
				GCC_WARN_UNUSED_VARIABLE = YES;
				IPHONEOS_DEPLOYMENT_TARGET = 7.0;
				ONLY_ACTIVE_ARCH = YES;
				SDKROOT = iphoneos;
			};
			name = Debug;
		};
		9C7F017218E27EAC00980B45 /* Release */ = {
			isa = XCBuildConfiguration;
			buildSettings = {
				ALWAYS_SEARCH_USER_PATHS = NO;
				ARCHS = "$(ARCHS_STANDARD_INCLUDING_64_BIT)";
				CLANG_CXX_LANGUAGE_STANDARD = "gnu++0x";
				CLANG_CXX_LIBRARY = "libc++";
				CLANG_ENABLE_MODULES = YES;
				CLANG_ENABLE_OBJC_ARC = YES;
				CLANG_WARN_BOOL_CONVERSION = YES;
				CLANG_WARN_CONSTANT_CONVERSION = YES;
				CLANG_WARN_DIRECT_OBJC_ISA_USAGE = YES_ERROR;
				CLANG_WARN_EMPTY_BODY = YES;
				CLANG_WARN_ENUM_CONVERSION = YES;
				CLANG_WARN_INT_CONVERSION = YES;
				CLANG_WARN_OBJC_ROOT_CLASS = YES_ERROR;
				CLANG_WARN__DUPLICATE_METHOD_MATCH = YES;
				"CODE_SIGN_IDENTITY[sdk=iphoneos*]" = "iPhone Developer";
				COPY_PHASE_STRIP = YES;
				ENABLE_NS_ASSERTIONS = NO;
				GCC_C_LANGUAGE_STANDARD = gnu99;
				GCC_WARN_64_TO_32_BIT_CONVERSION = YES;
				GCC_WARN_ABOUT_RETURN_TYPE = YES_ERROR;
				GCC_WARN_UNDECLARED_SELECTOR = YES;
				GCC_WARN_UNINITIALIZED_AUTOS = YES;
				GCC_WARN_UNUSED_FUNCTION = YES;
				GCC_WARN_UNUSED_VARIABLE = YES;
				IPHONEOS_DEPLOYMENT_TARGET = 7.0;
				SDKROOT = iphoneos;
				VALIDATE_PRODUCT = YES;
			};
			name = Release;
		};
		9C7F017418E27EAC00980B45 /* Debug */ = {
			isa = XCBuildConfiguration;
			buildSettings = {
				ASSETCATALOG_COMPILER_APPICON_NAME = AppIcon;
				ASSETCATALOG_COMPILER_LAUNCHIMAGE_NAME = LaunchImage;
				GCC_PRECOMPILE_PREFIX_HEADER = YES;
				GCC_PREFIX_HEADER = "GHVector/GHVector-Prefix.pch";
				INFOPLIST_FILE = "GHVector/GHVector-Info.plist";
				PRODUCT_NAME = "$(TARGET_NAME)";
				WRAPPER_EXTENSION = app;
			};
			name = Debug;
		};
		9C7F017518E27EAC00980B45 /* Release */ = {
			isa = XCBuildConfiguration;
			buildSettings = {
				ASSETCATALOG_COMPILER_APPICON_NAME = AppIcon;
				ASSETCATALOG_COMPILER_LAUNCHIMAGE_NAME = LaunchImage;
				GCC_PRECOMPILE_PREFIX_HEADER = YES;
				GCC_PREFIX_HEADER = "GHVector/GHVector-Prefix.pch";
				INFOPLIST_FILE = "GHVector/GHVector-Info.plist";
				PRODUCT_NAME = "$(TARGET_NAME)";
				WRAPPER_EXTENSION = app;
			};
			name = Release;
		};
		9C7F017718E27EAC00980B45 /* Debug */ = {
			isa = XCBuildConfiguration;
			buildSettings = {
				ARCHS = "$(ARCHS_STANDARD_INCLUDING_64_BIT)";
				BUNDLE_LOADER = "$(BUILT_PRODUCTS_DIR)/GHVector.app/GHVector";
				FRAMEWORK_SEARCH_PATHS = (
					"$(SDKROOT)/Developer/Library/Frameworks",
					"$(inherited)",
					"$(DEVELOPER_FRAMEWORKS_DIR)",
				);
				GCC_PRECOMPILE_PREFIX_HEADER = YES;
				GCC_PREFIX_HEADER = "GHVector/GHVector-Prefix.pch";
				GCC_PREPROCESSOR_DEFINITIONS = (
					"DEBUG=1",
					"$(inherited)",
				);
				INFOPLIST_FILE = "GHVectorTests/GHVectorTests-Info.plist";
				PRODUCT_NAME = "$(TARGET_NAME)";
				TEST_HOST = "$(BUNDLE_LOADER)";
				WRAPPER_EXTENSION = xctest;
			};
			name = Debug;
		};
		9C7F017818E27EAC00980B45 /* Release */ = {
			isa = XCBuildConfiguration;
			buildSettings = {
				ARCHS = "$(ARCHS_STANDARD_INCLUDING_64_BIT)";
				BUNDLE_LOADER = "$(BUILT_PRODUCTS_DIR)/GHVector.app/GHVector";
				FRAMEWORK_SEARCH_PATHS = (
					"$(SDKROOT)/Developer/Library/Frameworks",
					"$(inherited)",
					"$(DEVELOPER_FRAMEWORKS_DIR)",
				);
				GCC_PRECOMPILE_PREFIX_HEADER = YES;
				GCC_PREFIX_HEADER = "GHVector/GHVector-Prefix.pch";
				INFOPLIST_FILE = "GHVectorTests/GHVectorTests-Info.plist";
				PRODUCT_NAME = "$(TARGET_NAME)";
				TEST_HOST = "$(BUNDLE_LOADER)";
				WRAPPER_EXTENSION = xctest;
			};
			name = Release;
		};
/* End XCBuildConfiguration section */

/* Begin XCConfigurationList section */
		9C7F013918E27EAC00980B45 /* Build configuration list for PBXProject "GHVector" */ = {
			isa = XCConfigurationList;
			buildConfigurations = (
				9C7F017118E27EAC00980B45 /* Debug */,
				9C7F017218E27EAC00980B45 /* Release */,
			);
			defaultConfigurationIsVisible = 0;
			defaultConfigurationName = Release;
		};
		9C7F017318E27EAC00980B45 /* Build configuration list for PBXNativeTarget "GHVector" */ = {
			isa = XCConfigurationList;
			buildConfigurations = (
				9C7F017418E27EAC00980B45 /* Debug */,
				9C7F017518E27EAC00980B45 /* Release */,
			);
			defaultConfigurationIsVisible = 0;
		};
		9C7F017618E27EAC00980B45 /* Build configuration list for PBXNativeTarget "GHVectorTests" */ = {
			isa = XCConfigurationList;
			buildConfigurations = (
				9C7F017718E27EAC00980B45 /* Debug */,
				9C7F017818E27EAC00980B45 /* Release */,
			);
			defaultConfigurationIsVisible = 0;
		};
/* End XCConfigurationList section */
	};
	rootObject = 9C7F013618E27EAC00980B45 /* Project object */;
}
